// !$*UTF8*$!
{
	archiveVersion = 1;
	classes = {
	};
	objectVersion = 48;
	objects = {

/* Begin PBXBuildFile section */
		10457ADE206C3B28000C9BB0 /* MQTTPacket.swift in Sources */ = {isa = PBXBuildFile; fileRef = 10457ADD206C3B28000C9BB0 /* MQTTPacket.swift */; };
		10457AE0206C3C6A000C9BB0 /* Extensions.swift in Sources */ = {isa = PBXBuildFile; fileRef = 10457ADF206C3C6A000C9BB0 /* Extensions.swift */; };
		10457AE2206C3DBA000C9BB0 /* Constants.swift in Sources */ = {isa = PBXBuildFile; fileRef = 10457AE1206C3DBA000C9BB0 /* Constants.swift */; };
		10666253206BCC4C00A7BC4F /* MQTTKit.framework in Frameworks */ = {isa = PBXBuildFile; fileRef = 10666249206BCC4C00A7BC4F /* MQTTKit.framework */; };
		10666258206BCC4C00A7BC4F /* MQTTKitTests.swift in Sources */ = {isa = PBXBuildFile; fileRef = 10666257206BCC4C00A7BC4F /* MQTTKitTests.swift */; };
		1066625A206BCC4C00A7BC4F /* MQTTKit.h in Headers */ = {isa = PBXBuildFile; fileRef = 1066624C206BCC4C00A7BC4F /* MQTTKit.h */; settings = {ATTRIBUTES = (Public, ); }; };
		10666264206BCCB100A7BC4F /* MQTTKit.swift in Sources */ = {isa = PBXBuildFile; fileRef = 10666263206BCCB100A7BC4F /* MQTTKit.swift */; };
/* End PBXBuildFile section */

/* Begin PBXContainerItemProxy section */
		10666254206BCC4C00A7BC4F /* PBXContainerItemProxy */ = {
			isa = PBXContainerItemProxy;
			containerPortal = 10666240206BCC4B00A7BC4F /* Project object */;
			proxyType = 1;
			remoteGlobalIDString = 10666248206BCC4C00A7BC4F;
			remoteInfo = MQTTKit;
		};
/* End PBXContainerItemProxy section */

/* Begin PBXFileReference section */
		10457ADD206C3B28000C9BB0 /* MQTTPacket.swift */ = {isa = PBXFileReference; lastKnownFileType = sourcecode.swift; path = MQTTPacket.swift; sourceTree = "<group>"; };
		10457ADF206C3C6A000C9BB0 /* Extensions.swift */ = {isa = PBXFileReference; lastKnownFileType = sourcecode.swift; path = Extensions.swift; sourceTree = "<group>"; };
		10457AE1206C3DBA000C9BB0 /* Constants.swift */ = {isa = PBXFileReference; lastKnownFileType = sourcecode.swift; path = Constants.swift; sourceTree = "<group>"; };
		10666249206BCC4C00A7BC4F /* MQTTKit.framework */ = {isa = PBXFileReference; explicitFileType = wrapper.framework; includeInIndex = 0; path = MQTTKit.framework; sourceTree = BUILT_PRODUCTS_DIR; };
		1066624C206BCC4C00A7BC4F /* MQTTKit.h */ = {isa = PBXFileReference; lastKnownFileType = sourcecode.c.h; path = MQTTKit.h; sourceTree = "<group>"; };
		1066624D206BCC4C00A7BC4F /* Info.plist */ = {isa = PBXFileReference; lastKnownFileType = text.plist.xml; path = Info.plist; sourceTree = "<group>"; };
		10666252206BCC4C00A7BC4F /* MQTTKitTests.xctest */ = {isa = PBXFileReference; explicitFileType = wrapper.cfbundle; includeInIndex = 0; path = MQTTKitTests.xctest; sourceTree = BUILT_PRODUCTS_DIR; };
		10666257206BCC4C00A7BC4F /* MQTTKitTests.swift */ = {isa = PBXFileReference; lastKnownFileType = sourcecode.swift; path = MQTTKitTests.swift; sourceTree = "<group>"; };
		10666259206BCC4C00A7BC4F /* Info.plist */ = {isa = PBXFileReference; lastKnownFileType = text.plist.xml; path = Info.plist; sourceTree = "<group>"; };
		10666263206BCCB100A7BC4F /* MQTTKit.swift */ = {isa = PBXFileReference; fileEncoding = 4; lastKnownFileType = sourcecode.swift; path = MQTTKit.swift; sourceTree = "<group>"; };
/* End PBXFileReference section */

/* Begin PBXFrameworksBuildPhase section */
		10666245206BCC4C00A7BC4F /* Frameworks */ = {
			isa = PBXFrameworksBuildPhase;
			buildActionMask = 2147483647;
			files = (
			);
			runOnlyForDeploymentPostprocessing = 0;
		};
		1066624F206BCC4C00A7BC4F /* Frameworks */ = {
			isa = PBXFrameworksBuildPhase;
			buildActionMask = 2147483647;
			files = (
				10666253206BCC4C00A7BC4F /* MQTTKit.framework in Frameworks */,
			);
			runOnlyForDeploymentPostprocessing = 0;
		};
/* End PBXFrameworksBuildPhase section */

/* Begin PBXGroup section */
		1066623F206BCC4B00A7BC4F = {
			isa = PBXGroup;
			children = (
				1066624B206BCC4C00A7BC4F /* MQTTKit */,
				10666256206BCC4C00A7BC4F /* MQTTKitTests */,
				1066624A206BCC4C00A7BC4F /* Products */,
			);
			sourceTree = "<group>";
		};
		1066624A206BCC4C00A7BC4F /* Products */ = {
			isa = PBXGroup;
			children = (
				10666249206BCC4C00A7BC4F /* MQTTKit.framework */,
				10666252206BCC4C00A7BC4F /* MQTTKitTests.xctest */,
			);
			name = Products;
			sourceTree = "<group>";
		};
		1066624B206BCC4C00A7BC4F /* MQTTKit */ = {
			isa = PBXGroup;
			children = (
				1066624C206BCC4C00A7BC4F /* MQTTKit.h */,
				10666263206BCCB100A7BC4F /* MQTTKit.swift */,
				10457AE1206C3DBA000C9BB0 /* Constants.swift */,
				10457ADF206C3C6A000C9BB0 /* Extensions.swift */,
				10457ADD206C3B28000C9BB0 /* MQTTPacket.swift */,
				1066624D206BCC4C00A7BC4F /* Info.plist */,
			);
			path = MQTTKit;
			sourceTree = "<group>";
		};
		10666256206BCC4C00A7BC4F /* MQTTKitTests */ = {
			isa = PBXGroup;
			children = (
				10666257206BCC4C00A7BC4F /* MQTTKitTests.swift */,
				10666259206BCC4C00A7BC4F /* Info.plist */,
			);
			path = MQTTKitTests;
			sourceTree = "<group>";
		};
/* End PBXGroup section */

/* Begin PBXHeadersBuildPhase section */
		10666246206BCC4C00A7BC4F /* Headers */ = {
			isa = PBXHeadersBuildPhase;
			buildActionMask = 2147483647;
			files = (
				1066625A206BCC4C00A7BC4F /* MQTTKit.h in Headers */,
			);
			runOnlyForDeploymentPostprocessing = 0;
		};
/* End PBXHeadersBuildPhase section */

/* Begin PBXNativeTarget section */
		10666248206BCC4C00A7BC4F /* MQTTKit */ = {
			isa = PBXNativeTarget;
			buildConfigurationList = 1066625D206BCC4C00A7BC4F /* Build configuration list for PBXNativeTarget "MQTTKit" */;
			buildPhases = (
				10666244206BCC4C00A7BC4F /* Sources */,
				10666245206BCC4C00A7BC4F /* Frameworks */,
				10666246206BCC4C00A7BC4F /* Headers */,
				10666247206BCC4C00A7BC4F /* Resources */,
			);
			buildRules = (
			);
			dependencies = (
			);
			name = MQTTKit;
			productName = MQTTKit;
			productReference = 10666249206BCC4C00A7BC4F /* MQTTKit.framework */;
			productType = "com.apple.product-type.framework";
		};
		10666251206BCC4C00A7BC4F /* MQTTKitTests */ = {
			isa = PBXNativeTarget;
			buildConfigurationList = 10666260206BCC4C00A7BC4F /* Build configuration list for PBXNativeTarget "MQTTKitTests" */;
			buildPhases = (
				1066624E206BCC4C00A7BC4F /* Sources */,
				1066624F206BCC4C00A7BC4F /* Frameworks */,
				10666250206BCC4C00A7BC4F /* Resources */,
			);
			buildRules = (
			);
			dependencies = (
				10666255206BCC4C00A7BC4F /* PBXTargetDependency */,
			);
			name = MQTTKitTests;
			productName = MQTTKitTests;
			productReference = 10666252206BCC4C00A7BC4F /* MQTTKitTests.xctest */;
			productType = "com.apple.product-type.bundle.unit-test";
		};
/* End PBXNativeTarget section */

/* Begin PBXProject section */
		10666240206BCC4B00A7BC4F /* Project object */ = {
			isa = PBXProject;
			attributes = {
				LastSwiftUpdateCheck = 0920;
				LastUpgradeCheck = 0920;
				ORGANIZATIONNAME = "Arne Christian Skarpnes";
				TargetAttributes = {
					10666248206BCC4C00A7BC4F = {
						CreatedOnToolsVersion = 9.2;
						LastSwiftMigration = 0920;
						ProvisioningStyle = Automatic;
					};
					10666251206BCC4C00A7BC4F = {
						CreatedOnToolsVersion = 9.2;
						ProvisioningStyle = Automatic;
					};
				};
			};
			buildConfigurationList = 10666243206BCC4B00A7BC4F /* Build configuration list for PBXProject "MQTTKit" */;
			compatibilityVersion = "Xcode 8.0";
			developmentRegion = en;
			hasScannedForEncodings = 0;
			knownRegions = (
				en,
			);
			mainGroup = 1066623F206BCC4B00A7BC4F;
			productRefGroup = 1066624A206BCC4C00A7BC4F /* Products */;
			projectDirPath = "";
			projectRoot = "";
			targets = (
				10666248206BCC4C00A7BC4F /* MQTTKit */,
				10666251206BCC4C00A7BC4F /* MQTTKitTests */,
			);
		};
/* End PBXProject section */

/* Begin PBXResourcesBuildPhase section */
		10666247206BCC4C00A7BC4F /* Resources */ = {
			isa = PBXResourcesBuildPhase;
			buildActionMask = 2147483647;
			files = (
			);
			runOnlyForDeploymentPostprocessing = 0;
		};
		10666250206BCC4C00A7BC4F /* Resources */ = {
			isa = PBXResourcesBuildPhase;
			buildActionMask = 2147483647;
			files = (
			);
			runOnlyForDeploymentPostprocessing = 0;
		};
/* End PBXResourcesBuildPhase section */

/* Begin PBXSourcesBuildPhase section */
		10666244206BCC4C00A7BC4F /* Sources */ = {
			isa = PBXSourcesBuildPhase;
			buildActionMask = 2147483647;
			files = (
				10666264206BCCB100A7BC4F /* MQTTKit.swift in Sources */,
				10457AE0206C3C6A000C9BB0 /* Extensions.swift in Sources */,
				10457ADE206C3B28000C9BB0 /* MQTTPacket.swift in Sources */,
				10457AE2206C3DBA000C9BB0 /* Constants.swift in Sources */,
			);
			runOnlyForDeploymentPostprocessing = 0;
		};
		1066624E206BCC4C00A7BC4F /* Sources */ = {
			isa = PBXSourcesBuildPhase;
			buildActionMask = 2147483647;
			files = (
				10666258206BCC4C00A7BC4F /* MQTTKitTests.swift in Sources */,
			);
			runOnlyForDeploymentPostprocessing = 0;
		};
/* End PBXSourcesBuildPhase section */

/* Begin PBXTargetDependency section */
		10666255206BCC4C00A7BC4F /* PBXTargetDependency */ = {
			isa = PBXTargetDependency;
			target = 10666248206BCC4C00A7BC4F /* MQTTKit */;
			targetProxy = 10666254206BCC4C00A7BC4F /* PBXContainerItemProxy */;
		};
/* End PBXTargetDependency section */

/* Begin XCBuildConfiguration section */
		1066625B206BCC4C00A7BC4F /* Debug */ = {
			isa = XCBuildConfiguration;
			buildSettings = {
				ALWAYS_SEARCH_USER_PATHS = NO;
				CLANG_ANALYZER_NONNULL = YES;
				CLANG_ANALYZER_NUMBER_OBJECT_CONVERSION = YES_AGGRESSIVE;
				CLANG_CXX_LANGUAGE_STANDARD = "gnu++14";
				CLANG_CXX_LIBRARY = "libc++";
				CLANG_ENABLE_MODULES = YES;
				CLANG_ENABLE_OBJC_ARC = YES;
				CLANG_WARN_BLOCK_CAPTURE_AUTORELEASING = YES;
				CLANG_WARN_BOOL_CONVERSION = YES;
				CLANG_WARN_COMMA = YES;
				CLANG_WARN_CONSTANT_CONVERSION = YES;
				CLANG_WARN_DIRECT_OBJC_ISA_USAGE = YES_ERROR;
				CLANG_WARN_DOCUMENTATION_COMMENTS = YES;
				CLANG_WARN_EMPTY_BODY = YES;
				CLANG_WARN_ENUM_CONVERSION = YES;
				CLANG_WARN_INFINITE_RECURSION = YES;
				CLANG_WARN_INT_CONVERSION = YES;
				CLANG_WARN_NON_LITERAL_NULL_CONVERSION = YES;
				CLANG_WARN_OBJC_LITERAL_CONVERSION = YES;
				CLANG_WARN_OBJC_ROOT_CLASS = YES_ERROR;
				CLANG_WARN_RANGE_LOOP_ANALYSIS = YES;
				CLANG_WARN_STRICT_PROTOTYPES = YES;
				CLANG_WARN_SUSPICIOUS_MOVE = YES;
				CLANG_WARN_UNGUARDED_AVAILABILITY = YES_AGGRESSIVE;
				CLANG_WARN_UNREACHABLE_CODE = YES;
				CLANG_WARN__DUPLICATE_METHOD_MATCH = YES;
				CODE_SIGN_IDENTITY = "Mac Developer";
				COPY_PHASE_STRIP = NO;
				CURRENT_PROJECT_VERSION = 1;
				DEBUG_INFORMATION_FORMAT = dwarf;
				ENABLE_STRICT_OBJC_MSGSEND = YES;
				ENABLE_TESTABILITY = YES;
				GCC_C_LANGUAGE_STANDARD = gnu11;
				GCC_DYNAMIC_NO_PIC = NO;
				GCC_NO_COMMON_BLOCKS = YES;
				GCC_OPTIMIZATION_LEVEL = 0;
				GCC_PREPROCESSOR_DEFINITIONS = (
					"DEBUG=1",
					"$(inherited)",
				);
				GCC_WARN_64_TO_32_BIT_CONVERSION = YES;
				GCC_WARN_ABOUT_RETURN_TYPE = YES_ERROR;
				GCC_WARN_UNDECLARED_SELECTOR = YES;
				GCC_WARN_UNINITIALIZED_AUTOS = YES_AGGRESSIVE;
				GCC_WARN_UNUSED_FUNCTION = YES;
				GCC_WARN_UNUSED_VARIABLE = YES;
				LD_RUNPATH_SEARCH_PATHS = "@loader_path/Frameworks @executable_path/Frameworks\n@executable_path/Frameworks\n@executable_path/Frameworks @loader_path/../Frameworks @executable_path/../Frameworks";
				MACOSX_DEPLOYMENT_TARGET = 10.13;
				MTL_ENABLE_DEBUG_INFO = YES;
				ONLY_ACTIVE_ARCH = YES;
				RESOURCES_TARGETED_DEVICE_FAMILY = "1,2,3,4";
				SDKROOT = macosx;
				SUPPORTED_PLATFORMS = "macosx iphoneos appletvos appletvsimulator iphonesimulator";
				SWIFT_ACTIVE_COMPILATION_CONDITIONS = DEBUG;
				SWIFT_OPTIMIZATION_LEVEL = "-Onone";
				VERSIONING_SYSTEM = "apple-generic";
				VERSION_INFO_PREFIX = "";
				WATCHOS_DEPLOYMENT_TARGET = 4.2;
			};
			name = Debug;
		};
		1066625C206BCC4C00A7BC4F /* Release */ = {
			isa = XCBuildConfiguration;
			buildSettings = {
				ALWAYS_SEARCH_USER_PATHS = NO;
				CLANG_ANALYZER_NONNULL = YES;
				CLANG_ANALYZER_NUMBER_OBJECT_CONVERSION = YES_AGGRESSIVE;
				CLANG_CXX_LANGUAGE_STANDARD = "gnu++14";
				CLANG_CXX_LIBRARY = "libc++";
				CLANG_ENABLE_MODULES = YES;
				CLANG_ENABLE_OBJC_ARC = YES;
				CLANG_WARN_BLOCK_CAPTURE_AUTORELEASING = YES;
				CLANG_WARN_BOOL_CONVERSION = YES;
				CLANG_WARN_COMMA = YES;
				CLANG_WARN_CONSTANT_CONVERSION = YES;
				CLANG_WARN_DIRECT_OBJC_ISA_USAGE = YES_ERROR;
				CLANG_WARN_DOCUMENTATION_COMMENTS = YES;
				CLANG_WARN_EMPTY_BODY = YES;
				CLANG_WARN_ENUM_CONVERSION = YES;
				CLANG_WARN_INFINITE_RECURSION = YES;
				CLANG_WARN_INT_CONVERSION = YES;
				CLANG_WARN_NON_LITERAL_NULL_CONVERSION = YES;
				CLANG_WARN_OBJC_LITERAL_CONVERSION = YES;
				CLANG_WARN_OBJC_ROOT_CLASS = YES_ERROR;
				CLANG_WARN_RANGE_LOOP_ANALYSIS = YES;
				CLANG_WARN_STRICT_PROTOTYPES = YES;
				CLANG_WARN_SUSPICIOUS_MOVE = YES;
				CLANG_WARN_UNGUARDED_AVAILABILITY = YES_AGGRESSIVE;
				CLANG_WARN_UNREACHABLE_CODE = YES;
				CLANG_WARN__DUPLICATE_METHOD_MATCH = YES;
				CODE_SIGN_IDENTITY = "Mac Developer";
				COPY_PHASE_STRIP = NO;
				CURRENT_PROJECT_VERSION = 1;
				DEBUG_INFORMATION_FORMAT = "dwarf-with-dsym";
				ENABLE_NS_ASSERTIONS = NO;
				ENABLE_STRICT_OBJC_MSGSEND = YES;
				GCC_C_LANGUAGE_STANDARD = gnu11;
				GCC_NO_COMMON_BLOCKS = YES;
				GCC_WARN_64_TO_32_BIT_CONVERSION = YES;
				GCC_WARN_ABOUT_RETURN_TYPE = YES_ERROR;
				GCC_WARN_UNDECLARED_SELECTOR = YES;
				GCC_WARN_UNINITIALIZED_AUTOS = YES_AGGRESSIVE;
				GCC_WARN_UNUSED_FUNCTION = YES;
				GCC_WARN_UNUSED_VARIABLE = YES;
				LD_RUNPATH_SEARCH_PATHS = "@loader_path/Frameworks @executable_path/Frameworks\n@executable_path/Frameworks\n@executable_path/Frameworks @loader_path/../Frameworks @executable_path/../Frameworks";
				MACOSX_DEPLOYMENT_TARGET = 10.13;
				MTL_ENABLE_DEBUG_INFO = NO;
				RESOURCES_TARGETED_DEVICE_FAMILY = "1,2,3,4";
				SDKROOT = macosx;
				SUPPORTED_PLATFORMS = "macosx iphoneos appletvos appletvsimulator iphonesimulator";
				SWIFT_OPTIMIZATION_LEVEL = "-Owholemodule";
				VERSIONING_SYSTEM = "apple-generic";
				VERSION_INFO_PREFIX = "";
				WATCHOS_DEPLOYMENT_TARGET = 4.2;
			};
			name = Release;
		};
		1066625E206BCC4C00A7BC4F /* Debug */ = {
			isa = XCBuildConfiguration;
			buildSettings = {
				CLANG_ENABLE_MODULES = YES;
				CODE_SIGN_IDENTITY = "";
				CODE_SIGN_STYLE = Automatic;
				COMBINE_HIDPI_IMAGES = YES;
				DEFINES_MODULE = YES;
				DEVELOPMENT_TEAM = "";
				DYLIB_COMPATIBILITY_VERSION = 1;
				DYLIB_CURRENT_VERSION = 1;
				DYLIB_INSTALL_NAME_BASE = "@rpath";
				FRAMEWORK_VERSION = A;
				INFOPLIST_FILE = MQTTKit/Info.plist;
				INSTALL_PATH = "$(LOCAL_LIBRARY_DIR)/Frameworks";
				LD_RUNPATH_SEARCH_PATHS = "$(inherited) @executable_path/../Frameworks @loader_path/Frameworks @loader_path/Frameworks";
				PRODUCT_BUNDLE_IDENTIFIER = com.acs.MQTTKit;
				PRODUCT_NAME = "$(TARGET_NAME:c99extidentifier)";
				SKIP_INSTALL = YES;
				SWIFT_OPTIMIZATION_LEVEL = "-Onone";
				SWIFT_VERSION = 4.0;
			};
			name = Debug;
		};
		1066625F206BCC4C00A7BC4F /* Release */ = {
			isa = XCBuildConfiguration;
			buildSettings = {
				CLANG_ENABLE_MODULES = YES;
				CODE_SIGN_IDENTITY = "";
				CODE_SIGN_STYLE = Automatic;
				COMBINE_HIDPI_IMAGES = YES;
				DEFINES_MODULE = YES;
				DEVELOPMENT_TEAM = "";
				DYLIB_COMPATIBILITY_VERSION = 1;
				DYLIB_CURRENT_VERSION = 1;
				DYLIB_INSTALL_NAME_BASE = "@rpath";
				FRAMEWORK_VERSION = A;
				INFOPLIST_FILE = MQTTKit/Info.plist;
				INSTALL_PATH = "$(LOCAL_LIBRARY_DIR)/Frameworks";
				LD_RUNPATH_SEARCH_PATHS = "$(inherited) @executable_path/../Frameworks @loader_path/Frameworks @loader_path/Frameworks";
				PRODUCT_BUNDLE_IDENTIFIER = com.acs.MQTTKit;
				PRODUCT_NAME = "$(TARGET_NAME:c99extidentifier)";
				SKIP_INSTALL = YES;
				SWIFT_VERSION = 4.0;
			};
			name = Release;
		};
		10666261206BCC4C00A7BC4F /* Debug */ = {
			isa = XCBuildConfiguration;
			buildSettings = {
				ALWAYS_EMBED_SWIFT_STANDARD_LIBRARIES = YES;
				CODE_SIGN_IDENTITY = "";
				CODE_SIGN_STYLE = Automatic;
				COMBINE_HIDPI_IMAGES = YES;
				DEVELOPMENT_TEAM = "";
				INFOPLIST_FILE = MQTTKitTests/Info.plist;
				LD_RUNPATH_SEARCH_PATHS = "$(inherited) @executable_path/../Frameworks @loader_path/../Frameworks";
				PRODUCT_BUNDLE_IDENTIFIER = com.acs.MQTTKitTests;
				PRODUCT_NAME = "$(TARGET_NAME)";
				SWIFT_VERSION = 4.0;
			};
			name = Debug;
		};
		10666262206BCC4C00A7BC4F /* Release */ = {
			isa = XCBuildConfiguration;
			buildSettings = {
				ALWAYS_EMBED_SWIFT_STANDARD_LIBRARIES = YES;
				CODE_SIGN_IDENTITY = "";
				CODE_SIGN_STYLE = Automatic;
				COMBINE_HIDPI_IMAGES = YES;
				DEVELOPMENT_TEAM = "";
				INFOPLIST_FILE = MQTTKitTests/Info.plist;
				LD_RUNPATH_SEARCH_PATHS = "$(inherited) @executable_path/../Frameworks @loader_path/../Frameworks";
				PRODUCT_BUNDLE_IDENTIFIER = com.acs.MQTTKitTests;
				PRODUCT_NAME = "$(TARGET_NAME)";
				SWIFT_VERSION = 4.0;
			};
			name = Release;
		};
/* End XCBuildConfiguration section */

/* Begin XCConfigurationList section */
		10666243206BCC4B00A7BC4F /* Build configuration list for PBXProject "MQTTKit" */ = {
			isa = XCConfigurationList;
			buildConfigurations = (
				1066625B206BCC4C00A7BC4F /* Debug */,
				1066625C206BCC4C00A7BC4F /* Release */,
			);
			defaultConfigurationIsVisible = 0;
			defaultConfigurationName = Release;
		};
		1066625D206BCC4C00A7BC4F /* Build configuration list for PBXNativeTarget "MQTTKit" */ = {
			isa = XCConfigurationList;
			buildConfigurations = (
				1066625E206BCC4C00A7BC4F /* Debug */,
				1066625F206BCC4C00A7BC4F /* Release */,
			);
			defaultConfigurationIsVisible = 0;
			defaultConfigurationName = Release;
		};
		10666260206BCC4C00A7BC4F /* Build configuration list for PBXNativeTarget "MQTTKitTests" */ = {
			isa = XCConfigurationList;
			buildConfigurations = (
				10666261206BCC4C00A7BC4F /* Debug */,
				10666262206BCC4C00A7BC4F /* Release */,
			);
			defaultConfigurationIsVisible = 0;
			defaultConfigurationName = Release;
		};
/* End XCConfigurationList section */
	};
	rootObject = 10666240206BCC4B00A7BC4F /* Project object */;
}
